
Microsoft Visual Studio Solution File, Format Version 12.00
# Visual Studio Version 17
VisualStudioVersion = 17.10.35122.118
MinimumVisualStudioVersion = 10.0.40219.1
Project("{FAE04EC0-301F-11D3-BF4B-00C04F79EFBC}") = "Week5-Practice2", "Week5-Practice2\Week5-Practice2.csproj", "{E869EB11-CA56-4E5D-BB9B-29E1080FC899}"
EndProject
Global
	GlobalSection(SolutionConfigurationPlatforms) = preSolution
		Debug|Any CPU = Debug|Any CPU
		Release|Any CPU = Release|Any CPU
	EndGlobalSection
	GlobalSection(ProjectConfigurationPlatforms) = postSolution
		{E869EB11-CA56-4E5D-BB9B-29E1080FC899}.Debug|Any CPU.ActiveCfg = Debug|Any CPU
		{E869EB11-CA56-4E5D-BB9B-29E1080FC899}.Debug|Any CPU.Build.0 = Debug|Any CPU
		{E869EB11-CA56-4E5D-BB9B-29E1080FC899}.Release|Any CPU.ActiveCfg = Release|Any CPU
		{E869EB11-CA56-4E5D-BB9B-29E1080FC899}.Release|Any CPU.Build.0 = Release|Any CPU
	EndGlobalSection
	GlobalSection(SolutionProperties) = preSolution
		HideSolutionNode = FALSE
	EndGlobalSection
	GlobalSection(ExtensibilityGlobals) = postSolution
		SolutionGuid = {2069CB7E-F6D4-45DD-9DD0-33B2D05B8279}
	EndGlobalSection
EndGlobal
